
Microsoft Visual Studio Solution File, Format Version 12.00
# Visual Studio 2013
VisualStudioVersion = 12.0.30324.0
MinimumVisualStudioVersion = 10.0.40219.1
Project("{FAE04EC0-301F-11D3-BF4B-00C04F79EFBC}") = "NanoBus", "NanoBus\NanoBus.csproj", "{D4F84D80-DF1E-4344-80BD-CF0CA5001075}"
EndProject
Project("{FAE04EC0-301F-11D3-BF4B-00C04F79EFBC}") = "NanoBus.Tests", "NanoBus.Tests\NanoBus.Tests.csproj", "{C7CDB57B-22C7-4DC5-A0AF-B4924DC5E5CA}"
EndProject
Project("{FAE04EC0-301F-11D3-BF4B-00C04F79EFBC}") = "NanoBus.Package", "NanoBus.Package\NanoBus.Package.csproj", "{0451BAEF-DF2E-4B98-8644-94EE9415E389}"
EndProject
Project("{FAE04EC0-301F-11D3-BF4B-00C04F79EFBC}") = "NanoBus.Net45", "NanoBus.Net45\NanoBus.Net45.csproj", "{B1D817A0-37AE-4E98-AF9C-4BFD91FBA613}"
EndProject
Global
	GlobalSection(SolutionConfigurationPlatforms) = preSolution
		Debug|Any CPU = Debug|Any CPU
		Release|Any CPU = Release|Any CPU
	EndGlobalSection
	GlobalSection(ProjectConfigurationPlatforms) = postSolution
		{D4F84D80-DF1E-4344-80BD-CF0CA5001075}.Debug|Any CPU.ActiveCfg = Debug|Any CPU
		{D4F84D80-DF1E-4344-80BD-CF0CA5001075}.Debug|Any CPU.Build.0 = Debug|Any CPU
		{D4F84D80-DF1E-4344-80BD-CF0CA5001075}.Release|Any CPU.ActiveCfg = Release|Any CPU
		{D4F84D80-DF1E-4344-80BD-CF0CA5001075}.Release|Any CPU.Build.0 = Release|Any CPU
		{C7CDB57B-22C7-4DC5-A0AF-B4924DC5E5CA}.Debug|Any CPU.ActiveCfg = Debug|Any CPU
		{C7CDB57B-22C7-4DC5-A0AF-B4924DC5E5CA}.Debug|Any CPU.Build.0 = Debug|Any CPU
		{C7CDB57B-22C7-4DC5-A0AF-B4924DC5E5CA}.Release|Any CPU.ActiveCfg = Release|Any CPU
		{C7CDB57B-22C7-4DC5-A0AF-B4924DC5E5CA}.Release|Any CPU.Build.0 = Release|Any CPU
		{0451BAEF-DF2E-4B98-8644-94EE9415E389}.Debug|Any CPU.ActiveCfg = Debug|Any CPU
		{0451BAEF-DF2E-4B98-8644-94EE9415E389}.Debug|Any CPU.Build.0 = Debug|Any CPU
		{0451BAEF-DF2E-4B98-8644-94EE9415E389}.Release|Any CPU.ActiveCfg = Release|Any CPU
		{0451BAEF-DF2E-4B98-8644-94EE9415E389}.Release|Any CPU.Build.0 = Release|Any CPU
		{B1D817A0-37AE-4E98-AF9C-4BFD91FBA613}.Debug|Any CPU.ActiveCfg = Debug|Any CPU
		{B1D817A0-37AE-4E98-AF9C-4BFD91FBA613}.Debug|Any CPU.Build.0 = Debug|Any CPU
		{B1D817A0-37AE-4E98-AF9C-4BFD91FBA613}.Release|Any CPU.ActiveCfg = Release|Any CPU
		{B1D817A0-37AE-4E98-AF9C-4BFD91FBA613}.Release|Any CPU.Build.0 = Release|Any CPU
	EndGlobalSection
	GlobalSection(SolutionProperties) = preSolution
		HideSolutionNode = FALSE
	EndGlobalSection
EndGlobal
